{
  "originHash" : "c7938d93c39ec3d8180e4b289d94b95f1c2a630f938a445984316cab8956cd5e",
  "pins" : [
    {
      "identity" : "tagalong",
      "kind" : "remoteSourceControl",
      "location" : "https://github.com/ios-tooling/TagAlong",
      "state" : {
        "revision" : "e4b2268e95336a8ca4faba1c49ae2adda4d2267b",
        "version" : "0.0.2"
      }
    }
  ],
  "version" : 3
}
