{
  "originHash" : "37a29ed30cf66477bf7e52ef3a8337cb6f0d76dedc64557fd95ac839e3cfadfd",
  "pins" : [
    {
      "identity" : "tagalong",
      "kind" : "remoteSourceControl",
      "location" : "https://github.com/ios-tooling/TagAlong",
      "state" : {
        "revision" : "84c430a287e2b582b7fb02fda50b9a9c4e3aa710",
        "version" : "0.0.3"
      }
    }
  ],
  "version" : 3
}
